
Microsoft Visual Studio Solution File, Format Version 12.00
# Visual Studio Version 17
VisualStudioVersion = 17.7.34009.444
MinimumVisualStudioVersion = 10.0.40219.1
Project("{FAE04EC0-301F-11D3-BF4B-00C04F79EFBC}") = "ConsultarCarpinteria", "ConsultarCarpinteria.csproj", "{866A7D95-7422-414A-B722-8600A966AF6B}"
EndProject
Global
	GlobalSection(SolutionConfigurationPlatforms) = preSolution
		Debug|Any CPU = Debug|Any CPU
		Release|Any CPU = Release|Any CPU
	EndGlobalSection
	GlobalSection(ProjectConfigurationPlatforms) = postSolution
		{866A7D95-7422-414A-B722-8600A966AF6B}.Debug|Any CPU.ActiveCfg = Debug|Any CPU
		{866A7D95-7422-414A-B722-8600A966AF6B}.Debug|Any CPU.Build.0 = Debug|Any CPU
		{866A7D95-7422-414A-B722-8600A966AF6B}.Release|Any CPU.ActiveCfg = Release|Any CPU
		{866A7D95-7422-414A-B722-8600A966AF6B}.Release|Any CPU.Build.0 = Release|Any CPU
	EndGlobalSection
	GlobalSection(SolutionProperties) = preSolution
		HideSolutionNode = FALSE
	EndGlobalSection
	GlobalSection(ExtensibilityGlobals) = postSolution
		SolutionGuid = {95065C53-F1BC-4521-9899-E2760570777A}
	EndGlobalSection
EndGlobal
